
Microsoft Visual Studio Solution File, Format Version 12.00
Project("{FAE04EC0-301F-11D3-BF4B-00C04F79EFBC}") = "Immersion", "Immersion\Immersion.csproj", "{C76C7E37-D0E6-440D-9147-D70FE9F4F399}"
EndProject
Global
	GlobalSection(SolutionConfigurationPlatforms) = preSolution
		Debug|Any CPU = Debug|Any CPU
		Release|Any CPU = Release|Any CPU
	EndGlobalSection
	GlobalSection(ProjectConfigurationPlatforms) = postSolution
		{C76C7E37-D0E6-440D-9147-D70FE9F4F399}.Debug|Any CPU.ActiveCfg = Debug|Any CPU
		{C76C7E37-D0E6-440D-9147-D70FE9F4F399}.Debug|Any CPU.Build.0 = Debug|Any CPU
		{C76C7E37-D0E6-440D-9147-D70FE9F4F399}.Release|Any CPU.ActiveCfg = Release|Any CPU
		{C76C7E37-D0E6-440D-9147-D70FE9F4F399}.Release|Any CPU.Build.0 = Release|Any CPU
	EndGlobalSection
EndGlobal
